
Microsoft Visual Studio Solution File, Format Version 12.00
Project("{F2A71F9B-5D33-465A-A702-920D77279786}") = "OrderTakingEvolved", "OrderTakingEvolved\OrderTakingEvolved.fsproj", "{1B8A10AB-24B7-4CF8-87B4-CB768D892A30}"
EndProject
Project("{F2A71F9B-5D33-465A-A702-920D77279786}") = "OrderTakingEvolved.Tests", "OrderTakingEvolved.Tests\OrderTakingEvolved.Tests.fsproj", "{96A7A3B4-8EBC-4697-832E-CE8F8A53B484}"
EndProject
Global
	GlobalSection(SolutionConfigurationPlatforms) = preSolution
		Debug|Any CPU = Debug|Any CPU
		Release|Any CPU = Release|Any CPU
	EndGlobalSection
	GlobalSection(ProjectConfigurationPlatforms) = postSolution
		{1B8A10AB-24B7-4CF8-87B4-CB768D892A30}.Debug|Any CPU.ActiveCfg = Debug|Any CPU
		{1B8A10AB-24B7-4CF8-87B4-CB768D892A30}.Debug|Any CPU.Build.0 = Debug|Any CPU
		{1B8A10AB-24B7-4CF8-87B4-CB768D892A30}.Release|Any CPU.ActiveCfg = Release|Any CPU
		{1B8A10AB-24B7-4CF8-87B4-CB768D892A30}.Release|Any CPU.Build.0 = Release|Any CPU
		{96A7A3B4-8EBC-4697-832E-CE8F8A53B484}.Debug|Any CPU.ActiveCfg = Debug|Any CPU
		{96A7A3B4-8EBC-4697-832E-CE8F8A53B484}.Debug|Any CPU.Build.0 = Debug|Any CPU
		{96A7A3B4-8EBC-4697-832E-CE8F8A53B484}.Release|Any CPU.ActiveCfg = Release|Any CPU
		{96A7A3B4-8EBC-4697-832E-CE8F8A53B484}.Release|Any CPU.Build.0 = Release|Any CPU
	EndGlobalSection
EndGlobal
